
Microsoft Visual Studio Solution File, Format Version 12.00
# Visual Studio Version 16
VisualStudioVersion = 16.0.31424.327
MinimumVisualStudioVersion = 10.0.40219.1
Project("{9A19103F-16F7-4668-BE54-9A1E7A4F7556}") = "Asp.NetCore5.0_DeliciousFoodWebSiteProject", "Asp.NetCore5.0_DeliciousFoodWebSiteProject\Asp.NetCore5.0_DeliciousFoodWebSiteProject.csproj", "{0FE57A2C-51B4-45A9-8C7B-6154BF7925D6}"
EndProject
Project("{9A19103F-16F7-4668-BE54-9A1E7A4F7556}") = "BusinessLayer", "BusinessLayer\BusinessLayer.csproj", "{561CD08A-798A-4A1A-A256-55F37CA49801}"
EndProject
Project("{9A19103F-16F7-4668-BE54-9A1E7A4F7556}") = "DataAccessLayer", "DataAccessLayer\DataAccessLayer.csproj", "{E4C2F2F7-E283-4776-9CEF-B50B5CF62A97}"
EndProject
Project("{9A19103F-16F7-4668-BE54-9A1E7A4F7556}") = "EntityLayer", "EntityLayer\EntityLayer.csproj", "{B2C32AFC-B384-4636-BCF7-60785F333C3A}"
EndProject
Project("{FAE04EC0-301F-11D3-BF4B-00C04F79EFBC}") = "CoreLayer", "CoreLayer\CoreLayer.csproj", "{0822F56C-AEA4-4883-808E-2803F5AFC0DC}"
EndProject
Global
	GlobalSection(SolutionConfigurationPlatforms) = preSolution
		Debug|Any CPU = Debug|Any CPU
		Release|Any CPU = Release|Any CPU
	EndGlobalSection
	GlobalSection(ProjectConfigurationPlatforms) = postSolution
		{0FE57A2C-51B4-45A9-8C7B-6154BF7925D6}.Debug|Any CPU.ActiveCfg = Debug|Any CPU
		{0FE57A2C-51B4-45A9-8C7B-6154BF7925D6}.Debug|Any CPU.Build.0 = Debug|Any CPU
		{0FE57A2C-51B4-45A9-8C7B-6154BF7925D6}.Release|Any CPU.ActiveCfg = Release|Any CPU
		{0FE57A2C-51B4-45A9-8C7B-6154BF7925D6}.Release|Any CPU.Build.0 = Release|Any CPU
		{561CD08A-798A-4A1A-A256-55F37CA49801}.Debug|Any CPU.ActiveCfg = Debug|Any CPU
		{561CD08A-798A-4A1A-A256-55F37CA49801}.Debug|Any CPU.Build.0 = Debug|Any CPU
		{561CD08A-798A-4A1A-A256-55F37CA49801}.Release|Any CPU.ActiveCfg = Release|Any CPU
		{561CD08A-798A-4A1A-A256-55F37CA49801}.Release|Any CPU.Build.0 = Release|Any CPU
		{E4C2F2F7-E283-4776-9CEF-B50B5CF62A97}.Debug|Any CPU.ActiveCfg = Debug|Any CPU
		{E4C2F2F7-E283-4776-9CEF-B50B5CF62A97}.Debug|Any CPU.Build.0 = Debug|Any CPU
		{E4C2F2F7-E283-4776-9CEF-B50B5CF62A97}.Release|Any CPU.ActiveCfg = Release|Any CPU
		{E4C2F2F7-E283-4776-9CEF-B50B5CF62A97}.Release|Any CPU.Build.0 = Release|Any CPU
		{B2C32AFC-B384-4636-BCF7-60785F333C3A}.Debug|Any CPU.ActiveCfg = Debug|Any CPU
		{B2C32AFC-B384-4636-BCF7-60785F333C3A}.Debug|Any CPU.Build.0 = Debug|Any CPU
		{B2C32AFC-B384-4636-BCF7-60785F333C3A}.Release|Any CPU.ActiveCfg = Release|Any CPU
		{B2C32AFC-B384-4636-BCF7-60785F333C3A}.Release|Any CPU.Build.0 = Release|Any CPU
		{0822F56C-AEA4-4883-808E-2803F5AFC0DC}.Debug|Any CPU.ActiveCfg = Debug|Any CPU
		{0822F56C-AEA4-4883-808E-2803F5AFC0DC}.Debug|Any CPU.Build.0 = Debug|Any CPU
		{0822F56C-AEA4-4883-808E-2803F5AFC0DC}.Release|Any CPU.ActiveCfg = Release|Any CPU
		{0822F56C-AEA4-4883-808E-2803F5AFC0DC}.Release|Any CPU.Build.0 = Release|Any CPU
	EndGlobalSection
	GlobalSection(SolutionProperties) = preSolution
		HideSolutionNode = FALSE
	EndGlobalSection
	GlobalSection(ExtensibilityGlobals) = postSolution
		SolutionGuid = {9C6170B0-BD44-4C75-B414-E48FFD0119AC}
	EndGlobalSection
EndGlobal
